// !$*UTF8*$!
{
	archiveVersion = 1;
	classes = {
	};
	objectVersion = 60;
	objects = {

/* Begin PBXBuildFile section */
		022082A90E268E69004F2B5A /* Localizable.strings in Resources */ = {isa = PBXBuildFile; fileRef = 022082A70E268E69004F2B5A /* Localizable.strings */; };
		0232C0CC0EED63E500D85580 /* SecurityFoundation.framework in Frameworks */ = {isa = PBXBuildFile; fileRef = 0232C0CB0EED63E500D85580 /* SecurityFoundation.framework */; };
		024491740E608A8F00D92725 /* sessions.sst in Resources */ = {isa = PBXBuildFile; fileRef = 024491730E608A8F00D92725 /* sessions.sst */; };
		029C39A60E5F9B92009B7688 /* SSHTunnelWorkaround in Resources */ = {isa = PBXBuildFile; fileRef = 029C399A0E5F9B92009B7688 /* SSHTunnelWorkaround */; };
		02B214C10E6073F8007014CB /* services.sst in Resources */ = {isa = PBXBuildFile; fileRef = 02B214BE0E6073F8007014CB /* services.sst */; };
		02BAA5FC0DF591D70084F84B /* QuartzCore.framework in Frameworks */ = {isa = PBXBuildFile; fileRef = 02BAA5FB0DF591D70084F84B /* QuartzCore.framework */; };
		02CC7A430E5CD236007AE08D /* Security.framework in Frameworks */ = {isa = PBXBuildFile; fileRef = 02CC7A420E5CD236007AE08D /* Security.framework */; };
		02F375720E5F0D5B00F23038 /* SSHShell.command in Resources */ = {isa = PBXBuildFile; fileRef = 02F375710E5F0D5B00F23038 /* SSHShell.command */; };
		2A071EB42BB61823000077C7 /* AMResourcesHelper.m in Sources */ = {isa = PBXBuildFile; fileRef = 2A071EB32BB61823000077C7 /* AMResourcesHelper.m */; };
		2A071EB72BB618A7000077C7 /* AMNetworkServicesChooser.m in Sources */ = {isa = PBXBuildFile; fileRef = 2A071EB62BB618A7000077C7 /* AMNetworkServicesChooser.m */; };
		2A071EBA2BB618B8000077C7 /* AMSwitchButton.m in Sources */ = {isa = PBXBuildFile; fileRef = 2A071EB82BB618B8000077C7 /* AMSwitchButton.m */; };
		2A071EBD2BB618C8000077C7 /* AMButtonMenu.m in Sources */ = {isa = PBXBuildFile; fileRef = 2A071EBB2BB618C8000077C7 /* AMButtonMenu.m */; };
		2A071EC02BB618D3000077C7 /* AMPopUpButton.m in Sources */ = {isa = PBXBuildFile; fileRef = 2A071EBE2BB618D3000077C7 /* AMPopUpButton.m */; };
		2A071EC32BB618E0000077C7 /* AMWindow.m in Sources */ = {isa = PBXBuildFile; fileRef = 2A071EC22BB618E0000077C7 /* AMWindow.m */; };
		2A071EC62BB618F1000077C7 /* AMSession.m in Sources */ = {isa = PBXBuildFile; fileRef = 2A071EC52BB618F1000077C7 /* AMSession.m */; };
		2A071EC92BB618FD000077C7 /* AMServer.m in Sources */ = {isa = PBXBuildFile; fileRef = 2A071EC72BB618FD000077C7 /* AMServer.m */; };
		2A071ECC2BB6190C000077C7 /* AMService.m in Sources */ = {isa = PBXBuildFile; fileRef = 2A071ECB2BB6190C000077C7 /* AMService.m */; };
		2A071ECF2BB61922000077C7 /* MyAppController.m in Sources */ = {isa = PBXBuildFile; fileRef = 2A071ECE2BB61922000077C7 /* MyAppController.m */; };
		2A071ED22BB6192F000077C7 /* AMBaseViewController.m in Sources */ = {isa = PBXBuildFile; fileRef = 2A071ED12BB6192E000077C7 /* AMBaseViewController.m */; };
		2A071ED52BB61940000077C7 /* AMServiceViewController.m in Sources */ = {isa = PBXBuildFile; fileRef = 2A071ED32BB61940000077C7 /* AMServiceViewController.m */; };
		2A071EDA2BB61952000077C7 /* AMSessionViewController.m in Sources */ = {isa = PBXBuildFile; fileRef = 2A071ED72BB61952000077C7 /* AMSessionViewController.m */; };
		2A071EDB2BB61952000077C7 /* AMTreeController.m in Sources */ = {isa = PBXBuildFile; fileRef = 2A071ED82BB61952000077C7 /* AMTreeController.m */; };
		2A071EDE2BB6195F000077C7 /* AMServerViewController.m in Sources */ = {isa = PBXBuildFile; fileRef = 2A071EDC2BB6195F000077C7 /* AMServerViewController.m */; };
		2A071EE22BB61976000077C7 /* main.m in Sources */ = {isa = PBXBuildFile; fileRef = 2A071EE02BB61976000077C7 /* main.m */; };
		2A071EE32BB61976000077C7 /* messages.m in Sources */ = {isa = PBXBuildFile; fileRef = 2A071EE12BB61976000077C7 /* messages.m */; };
		2A071EF12BB61A52000077C7 /* GenerateKeyCommand.sh in Resources */ = {isa = PBXBuildFile; fileRef = 2A071EEC2BB61A52000077C7 /* GenerateKeyCommand.sh */; };
		2A071EF22BB61A52000077C7 /* PutKeyCommand.sh in Resources */ = {isa = PBXBuildFile; fileRef = 2A071EED2BB61A52000077C7 /* PutKeyCommand.sh */; };
		2A071EF32BB61A52000077C7 /* RemoveKeyCommand.sh in Resources */ = {isa = PBXBuildFile; fileRef = 2A071EEE2BB61A52000077C7 /* RemoveKeyCommand.sh */; };
		2A071EF42BB61A52000077C7 /* SSHCommand.sh in Resources */ = {isa = PBXBuildFile; fileRef = 2A071EEF2BB61A52000077C7 /* SSHCommand.sh */; };
		2A42E2A32BB5578000D40D7D /* Assets.xcassets in Resources */ = {isa = PBXBuildFile; fileRef = 2A42E2A22BB5578000D40D7D /* Assets.xcassets */; };
		2A73F3422BB56961007FE4A8 /* Sparkle in Frameworks */ = {isa = PBXBuildFile; productRef = 2A73F3412BB56961007FE4A8 /* Sparkle */; };
		2A73F3702BB57166007FE4A8 /* MainMenu.xib in Resources */ = {isa = PBXBuildFile; fileRef = 2A73F36F2BB57166007FE4A8 /* MainMenu.xib */; };
		2A8D08392BB8472D00FC5A05 /* sshtunnel.html in Resources */ = {isa = PBXBuildFile; fileRef = 2A8D08382BB8472D00FC5A05 /* sshtunnel.html */; };
		2AA892D92BB6DF7800FE1A29 /* statusOrange.png in Resources */ = {isa = PBXBuildFile; fileRef = 2AA892D02BB6DF7800FE1A29 /* statusOrange.png */; };
		2AA892DA2BB6DF7800FE1A29 /* statusGreen@2x.png in Resources */ = {isa = PBXBuildFile; fileRef = 2AA892D12BB6DF7800FE1A29 /* statusGreen@2x.png */; };
		2AA892DB2BB6DF7800FE1A29 /* statusOrange@3x.png in Resources */ = {isa = PBXBuildFile; fileRef = 2AA892D22BB6DF7800FE1A29 /* statusOrange@3x.png */; };
		2AA892DC2BB6DF7800FE1A29 /* statusRed@2x.png in Resources */ = {isa = PBXBuildFile; fileRef = 2AA892D32BB6DF7800FE1A29 /* statusRed@2x.png */; };
		2AA892DD2BB6DF7800FE1A29 /* statusGreen.png in Resources */ = {isa = PBXBuildFile; fileRef = 2AA892D42BB6DF7800FE1A29 /* statusGreen.png */; };
		2AA892DE2BB6DF7800FE1A29 /* statusOrange@2x.png in Resources */ = {isa = PBXBuildFile; fileRef = 2AA892D52BB6DF7800FE1A29 /* statusOrange@2x.png */; };
		2AA892DF2BB6DF7800FE1A29 /* statusRed.png in Resources */ = {isa = PBXBuildFile; fileRef = 2AA892D62BB6DF7800FE1A29 /* statusRed.png */; };
		2AA892E02BB6DF7800FE1A29 /* statusRed@3x.png in Resources */ = {isa = PBXBuildFile; fileRef = 2AA892D72BB6DF7800FE1A29 /* statusRed@3x.png */; };
		2AA892E12BB6DF7800FE1A29 /* statusGreen@3x.png in Resources */ = {isa = PBXBuildFile; fileRef = 2AA892D82BB6DF7800FE1A29 /* statusGreen@3x.png */; };
		8D11072B0486CEB800E47090 /* InfoPlist.strings in Resources */ = {isa = PBXBuildFile; fileRef = 089C165CFE840E0CC02AAC07 /* InfoPlist.strings */; };
		8D11072F0486CEB800E47090 /* Cocoa.framework in Frameworks */ = {isa = PBXBuildFile; fileRef = 1058C7A1FEA54F0111CA2CBB /* Cocoa.framework */; };
/* End PBXBuildFile section */

/* Begin PBXFileReference section */
		0232C0CB0EED63E500D85580 /* SecurityFoundation.framework */ = {isa = PBXFileReference; lastKnownFileType = wrapper.framework; name = SecurityFoundation.framework; path = System/Library/Frameworks/SecurityFoundation.framework; sourceTree = SDKROOT; };
		024491730E608A8F00D92725 /* sessions.sst */ = {isa = PBXFileReference; lastKnownFileType = file.bplist; path = sessions.sst; sourceTree = "<group>"; };
		029C399A0E5F9B92009B7688 /* SSHTunnelWorkaround */ = {isa = PBXFileReference; lastKnownFileType = folder; path = SSHTunnelWorkaround; sourceTree = "<group>"; };
		02B214BE0E6073F8007014CB /* services.sst */ = {isa = PBXFileReference; lastKnownFileType = file.bplist; path = services.sst; sourceTree = "<group>"; };
		02BAA5FB0DF591D70084F84B /* QuartzCore.framework */ = {isa = PBXFileReference; lastKnownFileType = wrapper.framework; name = QuartzCore.framework; path = /System/Library/Frameworks/QuartzCore.framework; sourceTree = "<absolute>"; };
		02CC7A420E5CD236007AE08D /* Security.framework */ = {isa = PBXFileReference; lastKnownFileType = wrapper.framework; name = Security.framework; path = System/Library/Frameworks/Security.framework; sourceTree = SDKROOT; };
		02F375710E5F0D5B00F23038 /* SSHShell.command */ = {isa = PBXFileReference; fileEncoding = 4; lastKnownFileType = text; path = SSHShell.command; sourceTree = "<group>"; };
		1058C7A1FEA54F0111CA2CBB /* Cocoa.framework */ = {isa = PBXFileReference; lastKnownFileType = wrapper.framework; name = Cocoa.framework; path = /System/Library/Frameworks/Cocoa.framework; sourceTree = "<absolute>"; };
		13E42FB307B3F0F600E4EEF1 /* CoreData.framework */ = {isa = PBXFileReference; lastKnownFileType = wrapper.framework; name = CoreData.framework; path = /System/Library/Frameworks/CoreData.framework; sourceTree = "<absolute>"; };
		29B97324FDCFA39411CA2CEA /* AppKit.framework */ = {isa = PBXFileReference; lastKnownFileType = wrapper.framework; name = AppKit.framework; path = /System/Library/Frameworks/AppKit.framework; sourceTree = "<absolute>"; };
		29B97325FDCFA39411CA2CEA /* Foundation.framework */ = {isa = PBXFileReference; lastKnownFileType = wrapper.framework; name = Foundation.framework; path = /System/Library/Frameworks/Foundation.framework; sourceTree = "<absolute>"; };
		2A071EB22BB61823000077C7 /* AMResourcesHelper.h */ = {isa = PBXFileReference; fileEncoding = 4; lastKnownFileType = sourcecode.c.h; name = AMResourcesHelper.h; path = Resources/Sources/AMResourcesHelper.h; sourceTree = "<group>"; };
		2A071EB32BB61823000077C7 /* AMResourcesHelper.m */ = {isa = PBXFileReference; fileEncoding = 4; lastKnownFileType = sourcecode.c.objc; name = AMResourcesHelper.m; path = Resources/Sources/AMResourcesHelper.m; sourceTree = "<group>"; };
		2A071EB52BB618A7000077C7 /* AMNetworkServicesChooser.h */ = {isa = PBXFileReference; fileEncoding = 4; lastKnownFileType = sourcecode.c.h; name = AMNetworkServicesChooser.h; path = Resources/Sources/AMNetworkServicesChooser.h; sourceTree = "<group>"; };
		2A071EB62BB618A7000077C7 /* AMNetworkServicesChooser.m */ = {isa = PBXFileReference; fileEncoding = 4; lastKnownFileType = sourcecode.c.objc; name = AMNetworkServicesChooser.m; path = Resources/Sources/AMNetworkServicesChooser.m; sourceTree = "<group>"; };
		2A071EB82BB618B8000077C7 /* AMSwitchButton.m */ = {isa = PBXFileReference; fileEncoding = 4; lastKnownFileType = sourcecode.c.objc; name = AMSwitchButton.m; path = Resources/Sources/AMSwitchButton.m; sourceTree = "<group>"; };
		2A071EB92BB618B8000077C7 /* AMSwitchButton.h */ = {isa = PBXFileReference; fileEncoding = 4; lastKnownFileType = sourcecode.c.h; name = AMSwitchButton.h; path = Resources/Sources/AMSwitchButton.h; sourceTree = "<group>"; };
		2A071EBB2BB618C8000077C7 /* AMButtonMenu.m */ = {isa = PBXFileReference; fileEncoding = 4; lastKnownFileType = sourcecode.c.objc; name = AMButtonMenu.m; path = Resources/Sources/AMButtonMenu.m; sourceTree = "<group>"; };
		2A071EBC2BB618C8000077C7 /* AMButtonMenu.h */ = {isa = PBXFileReference; fileEncoding = 4; lastKnownFileType = sourcecode.c.h; name = AMButtonMenu.h; path = Resources/Sources/AMButtonMenu.h; sourceTree = "<group>"; };
		2A071EBE2BB618D3000077C7 /* AMPopUpButton.m */ = {isa = PBXFileReference; fileEncoding = 4; lastKnownFileType = sourcecode.c.objc; name = AMPopUpButton.m; path = Resources/Sources/AMPopUpButton.m; sourceTree = "<group>"; };
		2A071EBF2BB618D3000077C7 /* AMPopUpButton.h */ = {isa = PBXFileReference; fileEncoding = 4; lastKnownFileType = sourcecode.c.h; name = AMPopUpButton.h; path = Resources/Sources/AMPopUpButton.h; sourceTree = "<group>"; };
		2A071EC12BB618E0000077C7 /* AMWindow.h */ = {isa = PBXFileReference; fileEncoding = 4; lastKnownFileType = sourcecode.c.h; name = AMWindow.h; path = Resources/Sources/AMWindow.h; sourceTree = "<group>"; };
		2A071EC22BB618E0000077C7 /* AMWindow.m */ = {isa = PBXFileReference; fileEncoding = 4; lastKnownFileType = sourcecode.c.objc; name = AMWindow.m; path = Resources/Sources/AMWindow.m; sourceTree = "<group>"; };
		2A071EC42BB618F1000077C7 /* AMSession.h */ = {isa = PBXFileReference; fileEncoding = 4; lastKnownFileType = sourcecode.c.h; name = AMSession.h; path = Resources/Sources/AMSession.h; sourceTree = "<group>"; };
		2A071EC52BB618F1000077C7 /* AMSession.m */ = {isa = PBXFileReference; fileEncoding = 4; lastKnownFileType = sourcecode.c.objc; name = AMSession.m; path = Resources/Sources/AMSession.m; sourceTree = "<group>"; };
		2A071EC72BB618FD000077C7 /* AMServer.m */ = {isa = PBXFileReference; fileEncoding = 4; lastKnownFileType = sourcecode.c.objc; name = AMServer.m; path = Resources/Sources/AMServer.m; sourceTree = "<group>"; };
		2A071EC82BB618FD000077C7 /* AMServer.h */ = {isa = PBXFileReference; fileEncoding = 4; lastKnownFileType = sourcecode.c.h; name = AMServer.h; path = Resources/Sources/AMServer.h; sourceTree = "<group>"; };
		2A071ECA2BB6190C000077C7 /* AMService.h */ = {isa = PBXFileReference; fileEncoding = 4; lastKnownFileType = sourcecode.c.h; name = AMService.h; path = Resources/Sources/AMService.h; sourceTree = "<group>"; };
		2A071ECB2BB6190C000077C7 /* AMService.m */ = {isa = PBXFileReference; fileEncoding = 4; lastKnownFileType = sourcecode.c.objc; name = AMService.m; path = Resources/Sources/AMService.m; sourceTree = "<group>"; };
		2A071ECD2BB61922000077C7 /* MyAppController.h */ = {isa = PBXFileReference; fileEncoding = 4; lastKnownFileType = sourcecode.c.h; name = MyAppController.h; path = Resources/Sources/MyAppController.h; sourceTree = "<group>"; };
		2A071ECE2BB61922000077C7 /* MyAppController.m */ = {isa = PBXFileReference; fileEncoding = 4; lastKnownFileType = sourcecode.c.objc; name = MyAppController.m; path = Resources/Sources/MyAppController.m; sourceTree = "<group>"; };
		2A071ED02BB6192E000077C7 /* AMBaseViewController.h */ = {isa = PBXFileReference; fileEncoding = 4; lastKnownFileType = sourcecode.c.h; name = AMBaseViewController.h; path = Resources/Sources/AMBaseViewController.h; sourceTree = "<group>"; };
		2A071ED12BB6192E000077C7 /* AMBaseViewController.m */ = {isa = PBXFileReference; fileEncoding = 4; lastKnownFileType = sourcecode.c.objc; name = AMBaseViewController.m; path = Resources/Sources/AMBaseViewController.m; sourceTree = "<group>"; };
		2A071ED32BB61940000077C7 /* AMServiceViewController.m */ = {isa = PBXFileReference; fileEncoding = 4; lastKnownFileType = sourcecode.c.objc; name = AMServiceViewController.m; path = Resources/Sources/AMServiceViewController.m; sourceTree = "<group>"; };
		2A071ED42BB61940000077C7 /* AMServiceViewController.h */ = {isa = PBXFileReference; fileEncoding = 4; lastKnownFileType = sourcecode.c.h; name = AMServiceViewController.h; path = Resources/Sources/AMServiceViewController.h; sourceTree = "<group>"; };
		2A071ED62BB61952000077C7 /* AMTreeController.h */ = {isa = PBXFileReference; fileEncoding = 4; lastKnownFileType = sourcecode.c.h; name = AMTreeController.h; path = Resources/Sources/AMTreeController.h; sourceTree = "<group>"; };
		2A071ED72BB61952000077C7 /* AMSessionViewController.m */ = {isa = PBXFileReference; fileEncoding = 4; lastKnownFileType = sourcecode.c.objc; name = AMSessionViewController.m; path = Resources/Sources/AMSessionViewController.m; sourceTree = "<group>"; };
		2A071ED82BB61952000077C7 /* AMTreeController.m */ = {isa = PBXFileReference; fileEncoding = 4; lastKnownFileType = sourcecode.c.objc; name = AMTreeController.m; path = Resources/Sources/AMTreeController.m; sourceTree = "<group>"; };
		2A071ED92BB61952000077C7 /* AMSessionViewController.h */ = {isa = PBXFileReference; fileEncoding = 4; lastKnownFileType = sourcecode.c.h; name = AMSessionViewController.h; path = Resources/Sources/AMSessionViewController.h; sourceTree = "<group>"; };
		2A071EDC2BB6195F000077C7 /* AMServerViewController.m */ = {isa = PBXFileReference; fileEncoding = 4; lastKnownFileType = sourcecode.c.objc; name = AMServerViewController.m; path = Resources/Sources/AMServerViewController.m; sourceTree = "<group>"; };
		2A071EDD2BB6195F000077C7 /* AMServerViewController.h */ = {isa = PBXFileReference; fileEncoding = 4; lastKnownFileType = sourcecode.c.h; name = AMServerViewController.h; path = Resources/Sources/AMServerViewController.h; sourceTree = "<group>"; };
		2A071EDF2BB61976000077C7 /* messages.h */ = {isa = PBXFileReference; fileEncoding = 4; lastKnownFileType = sourcecode.c.h; name = messages.h; path = Resources/Sources/messages.h; sourceTree = "<group>"; };
		2A071EE02BB61976000077C7 /* main.m */ = {isa = PBXFileReference; fileEncoding = 4; lastKnownFileType = sourcecode.c.objc; name = main.m; path = Resources/Sources/main.m; sourceTree = "<group>"; };
		2A071EE12BB61976000077C7 /* messages.m */ = {isa = PBXFileReference; fileEncoding = 4; lastKnownFileType = sourcecode.c.objc; name = messages.m; path = Resources/Sources/messages.m; sourceTree = "<group>"; };
		2A071EEC2BB61A52000077C7 /* GenerateKeyCommand.sh */ = {isa = PBXFileReference; fileEncoding = 4; lastKnownFileType = text.script.sh; path = GenerateKeyCommand.sh; sourceTree = "<group>"; };
		2A071EED2BB61A52000077C7 /* PutKeyCommand.sh */ = {isa = PBXFileReference; fileEncoding = 4; lastKnownFileType = text.script.sh; path = PutKeyCommand.sh; sourceTree = "<group>"; };
		2A071EEE2BB61A52000077C7 /* RemoveKeyCommand.sh */ = {isa = PBXFileReference; fileEncoding = 4; lastKnownFileType = text.script.sh; path = RemoveKeyCommand.sh; sourceTree = "<group>"; };
		2A071EEF2BB61A52000077C7 /* SSHCommand.sh */ = {isa = PBXFileReference; fileEncoding = 4; lastKnownFileType = text.script.sh; path = SSHCommand.sh; sourceTree = "<group>"; };
		2A42E2982BB5569D00D40D7D /* en */ = {isa = PBXFileReference; lastKnownFileType = text.plist.strings; name = en; path = en.lproj/InfoPlist.strings; sourceTree = "<group>"; };
		2A42E2992BB5569D00D40D7D /* en */ = {isa = PBXFileReference; lastKnownFileType = text.plist.strings; name = en; path = en.lproj/Localizable.strings; sourceTree = "<group>"; };
		2A42E2A22BB5578000D40D7D /* Assets.xcassets */ = {isa = PBXFileReference; lastKnownFileType = folder.assetcatalog; path = Assets.xcassets; sourceTree = "<group>"; };
		2A73F36C2BB57154007FE4A8 /* de */ = {isa = PBXFileReference; lastKnownFileType = text.plist.strings; name = de; path = de.lproj/Localizable.strings; sourceTree = "<group>"; };
		2A73F36D2BB57154007FE4A8 /* de */ = {isa = PBXFileReference; lastKnownFileType = text.plist.strings; name = de; path = de.lproj/InfoPlist.strings; sourceTree = "<group>"; };
		2A73F36E2BB57166007FE4A8 /* Base */ = {isa = PBXFileReference; lastKnownFileType = file.xib; name = Base; path = Base.lproj/MainMenu.xib; sourceTree = "<group>"; };
		2A73F3712BB57166007FE4A8 /* mul */ = {isa = PBXFileReference; lastKnownFileType = text.json.xcstrings; name = mul; path = mul.lproj/MainMenu.xcstrings; sourceTree = "<group>"; };
		2A8D08382BB8472D00FC5A05 /* sshtunnel.html */ = {isa = PBXFileReference; fileEncoding = 4; lastKnownFileType = text.html; path = sshtunnel.html; sourceTree = "<group>"; };
		2AA892D02BB6DF7800FE1A29 /* statusOrange.png */ = {isa = PBXFileReference; lastKnownFileType = image.png; path = statusOrange.png; sourceTree = "<group>"; };
		2AA892D12BB6DF7800FE1A29 /* statusGreen@2x.png */ = {isa = PBXFileReference; lastKnownFileType = image.png; path = "statusGreen@2x.png"; sourceTree = "<group>"; };
		2AA892D22BB6DF7800FE1A29 /* statusOrange@3x.png */ = {isa = PBXFileReference; lastKnownFileType = image.png; path = "statusOrange@3x.png"; sourceTree = "<group>"; };
		2AA892D32BB6DF7800FE1A29 /* statusRed@2x.png */ = {isa = PBXFileReference; lastKnownFileType = image.png; path = "statusRed@2x.png"; sourceTree = "<group>"; };
		2AA892D42BB6DF7800FE1A29 /* statusGreen.png */ = {isa = PBXFileReference; lastKnownFileType = image.png; path = statusGreen.png; sourceTree = "<group>"; };
		2AA892D52BB6DF7800FE1A29 /* statusOrange@2x.png */ = {isa = PBXFileReference; lastKnownFileType = image.png; path = "statusOrange@2x.png"; sourceTree = "<group>"; };
		2AA892D62BB6DF7800FE1A29 /* statusRed.png */ = {isa = PBXFileReference; lastKnownFileType = image.png; path = statusRed.png; sourceTree = "<group>"; };
		2AA892D72BB6DF7800FE1A29 /* statusRed@3x.png */ = {isa = PBXFileReference; lastKnownFileType = image.png; path = "statusRed@3x.png"; sourceTree = "<group>"; };
		2AA892D82BB6DF7800FE1A29 /* statusGreen@3x.png */ = {isa = PBXFileReference; lastKnownFileType = image.png; path = "statusGreen@3x.png"; sourceTree = "<group>"; };
		32CA4F630368D1EE00C91783 /* SSHTunnel_Prefix.pch */ = {isa = PBXFileReference; fileEncoding = 4; lastKnownFileType = sourcecode.c.h; path = SSHTunnel_Prefix.pch; sourceTree = "<group>"; };
		8D1107310486CEB800E47090 /* Info.plist */ = {isa = PBXFileReference; fileEncoding = 4; lastKnownFileType = text.plist.xml; path = Info.plist; sourceTree = "<group>"; };
		8D1107320486CEB800E47090 /* SSHTunnel.app */ = {isa = PBXFileReference; explicitFileType = wrapper.application; includeInIndex = 0; path = SSHTunnel.app; sourceTree = BUILT_PRODUCTS_DIR; };
/* End PBXFileReference section */

/* Begin PBXFrameworksBuildPhase section */
		8D11072E0486CEB800E47090 /* Frameworks */ = {
			isa = PBXFrameworksBuildPhase;
			buildActionMask = 2147483647;
			files = (
				2A73F3422BB56961007FE4A8 /* Sparkle in Frameworks */,
				8D11072F0486CEB800E47090 /* Cocoa.framework in Frameworks */,
				02BAA5FC0DF591D70084F84B /* QuartzCore.framework in Frameworks */,
				02CC7A430E5CD236007AE08D /* Security.framework in Frameworks */,
				0232C0CC0EED63E500D85580 /* SecurityFoundation.framework in Frameworks */,
			);
			runOnlyForDeploymentPostprocessing = 0;
		};
/* End PBXFrameworksBuildPhase section */

/* Begin PBXGroup section */
		02116C240E5A25F9000D52B3 /* AMButtonMenu */ = {
			isa = PBXGroup;
			children = (
				2A071EBC2BB618C8000077C7 /* AMButtonMenu.h */,
				2A071EBB2BB618C8000077C7 /* AMButtonMenu.m */,
			);
			name = AMButtonMenu;
			sourceTree = "<group>";
		};
		02116C250E5A2616000D52B3 /* AMSwitchButton */ = {
			isa = PBXGroup;
			children = (
				2A071EB92BB618B8000077C7 /* AMSwitchButton.h */,
				2A071EB82BB618B8000077C7 /* AMSwitchButton.m */,
			);
			name = AMSwitchButton;
			sourceTree = "<group>";
		};
		022ACF590E284A9E0012D885 /* AMPopUpButton */ = {
			isa = PBXGroup;
			children = (
				2A071EBF2BB618D3000077C7 /* AMPopUpButton.h */,
				2A071EBE2BB618D3000077C7 /* AMPopUpButton.m */,
			);
			name = AMPopUpButton;
			sourceTree = "<group>";
		};
		023643BF0E2560F3007271F1 /* Controllers */ = {
			isa = PBXGroup;
			children = (
				02C5CB5F0DF8A472000BCE90 /* MyAppController */,
				02B11BB10E30ED4B003886A7 /* Base */,
				02B118CE0E30C7CC003886A7 /* ServiceController */,
				023645030E256F3F007271F1 /* SessionView */,
				023643C00E256109007271F1 /* ServerView */,
			);
			name = Controllers;
			sourceTree = "<group>";
		};
		023643C00E256109007271F1 /* ServerView */ = {
			isa = PBXGroup;
			children = (
				2A071EDD2BB6195F000077C7 /* AMServerViewController.h */,
				2A071EDC2BB6195F000077C7 /* AMServerViewController.m */,
			);
			name = ServerView;
			sourceTree = "<group>";
		};
		023645030E256F3F007271F1 /* SessionView */ = {
			isa = PBXGroup;
			children = (
				2A071ED92BB61952000077C7 /* AMSessionViewController.h */,
				2A071ED72BB61952000077C7 /* AMSessionViewController.m */,
				2A071ED62BB61952000077C7 /* AMTreeController.h */,
				2A071ED82BB61952000077C7 /* AMTreeController.m */,
			);
			name = SessionView;
			sourceTree = "<group>";
		};
		02534A900E60530B006310FA /* AMNetworkServicesChooser */ = {
			isa = PBXGroup;
			children = (
				2A071EB52BB618A7000077C7 /* AMNetworkServicesChooser.h */,
				2A071EB62BB618A7000077C7 /* AMNetworkServicesChooser.m */,
			);
			name = AMNetworkServicesChooser;
			sourceTree = "<group>";
		};
		029BE6980E27FFBB0099093A /* AMWindow */ = {
			isa = PBXGroup;
			children = (
				2A071EC12BB618E0000077C7 /* AMWindow.h */,
				2A071EC22BB618E0000077C7 /* AMWindow.m */,
			);
			name = AMWindow;
			sourceTree = "<group>";
		};
		02A7CCED0E0B1C6000E98DE4 /* AMServer */ = {
			isa = PBXGroup;
			children = (
				2A071EC82BB618FD000077C7 /* AMServer.h */,
				2A071EC72BB618FD000077C7 /* AMServer.m */,
			);
			name = AMServer;
			sourceTree = "<group>";
		};
		02B118CE0E30C7CC003886A7 /* ServiceController */ = {
			isa = PBXGroup;
			children = (
				2A071ED42BB61940000077C7 /* AMServiceViewController.h */,
				2A071ED32BB61940000077C7 /* AMServiceViewController.m */,
			);
			name = ServiceController;
			sourceTree = "<group>";
		};
		02B118D90E30C8F4003886A7 /* AMService */ = {
			isa = PBXGroup;
			children = (
				2A071ECA2BB6190C000077C7 /* AMService.h */,
				2A071ECB2BB6190C000077C7 /* AMService.m */,
			);
			name = AMService;
			sourceTree = "<group>";
		};
		02B11BB10E30ED4B003886A7 /* Base */ = {
			isa = PBXGroup;
			children = (
				2A071ED02BB6192E000077C7 /* AMBaseViewController.h */,
				2A071ED12BB6192E000077C7 /* AMBaseViewController.m */,
			);
			name = Base;
			sourceTree = "<group>";
		};
		02B11BB20E30ED6E003886A7 /* Model */ = {
			isa = PBXGroup;
			children = (
				02C5CB600DF8A481000BCE90 /* AMSession */,
				02A7CCED0E0B1C6000E98DE4 /* AMServer */,
				02B118D90E30C8F4003886A7 /* AMService */,
			);
			name = Model;
			sourceTree = "<group>";
		};
		02B11BB30E30ED88003886A7 /* View */ = {
			isa = PBXGroup;
			children = (
				02534A900E60530B006310FA /* AMNetworkServicesChooser */,
				02116C250E5A2616000D52B3 /* AMSwitchButton */,
				02116C240E5A25F9000D52B3 /* AMButtonMenu */,
				022ACF590E284A9E0012D885 /* AMPopUpButton */,
				029BE6980E27FFBB0099093A /* AMWindow */,
			);
			name = View;
			sourceTree = "<group>";
		};
		02C5CB5F0DF8A472000BCE90 /* MyAppController */ = {
			isa = PBXGroup;
			children = (
				2A071ECD2BB61922000077C7 /* MyAppController.h */,
				2A071ECE2BB61922000077C7 /* MyAppController.m */,
			);
			name = MyAppController;
			sourceTree = "<group>";
		};
		02C5CB600DF8A481000BCE90 /* AMSession */ = {
			isa = PBXGroup;
			children = (
				2A071EC42BB618F1000077C7 /* AMSession.h */,
				2A071EC52BB618F1000077C7 /* AMSession.m */,
			);
			name = AMSession;
			sourceTree = "<group>";
		};
		080E96DDFE201D6D7F000001 /* Classes */ = {
			isa = PBXGroup;
			children = (
				DDB56A1F1C188A6D002301B5 /* Helper */,
				02B11BB30E30ED88003886A7 /* View */,
				02B11BB20E30ED6E003886A7 /* Model */,
				023643BF0E2560F3007271F1 /* Controllers */,
			);
			name = Classes;
			sourceTree = "<group>";
		};
		1058C7A0FEA54F0111CA2CBB /* Linked Frameworks */ = {
			isa = PBXGroup;
			children = (
				1058C7A1FEA54F0111CA2CBB /* Cocoa.framework */,
			);
			name = "Linked Frameworks";
			sourceTree = "<group>";
		};
		1058C7A2FEA54F0111CA2CBB /* Other Frameworks */ = {
			isa = PBXGroup;
			children = (
				29B97324FDCFA39411CA2CEA /* AppKit.framework */,
				13E42FB307B3F0F600E4EEF1 /* CoreData.framework */,
				29B97325FDCFA39411CA2CEA /* Foundation.framework */,
			);
			name = "Other Frameworks";
			sourceTree = "<group>";
		};
		19C28FACFE9D520D11CA2CBB /* Products */ = {
			isa = PBXGroup;
			children = (
				8D1107320486CEB800E47090 /* SSHTunnel.app */,
			);
			name = Products;
			sourceTree = "<group>";
		};
		29B97314FDCFA39411CA2CEA /* SSHTunnel */ = {
			isa = PBXGroup;
			children = (
				2A8D08382BB8472D00FC5A05 /* sshtunnel.html */,
				2A42E2A22BB5578000D40D7D /* Assets.xcassets */,
				029C399A0E5F9B92009B7688 /* SSHTunnelWorkaround */,
				080E96DDFE201D6D7F000001 /* Classes */,
				29B97315FDCFA39411CA2CEA /* Other Sources */,
				29B97317FDCFA39411CA2CEA /* Resources */,
				29B97323FDCFA39411CA2CEA /* Frameworks */,
				19C28FACFE9D520D11CA2CBB /* Products */,
			);
			name = SSHTunnel;
			sourceTree = "<group>";
		};
		29B97315FDCFA39411CA2CEA /* Other Sources */ = {
			isa = PBXGroup;
			children = (
				2A071EE02BB61976000077C7 /* main.m */,
				2A071EDF2BB61976000077C7 /* messages.h */,
				2A071EE12BB61976000077C7 /* messages.m */,
				32CA4F630368D1EE00C91783 /* SSHTunnel_Prefix.pch */,
			);
			name = "Other Sources";
			sourceTree = "<group>";
		};
		29B97317FDCFA39411CA2CEA /* Resources */ = {
			isa = PBXGroup;
			children = (
				2AA892D42BB6DF7800FE1A29 /* statusGreen.png */,
				2AA892D12BB6DF7800FE1A29 /* statusGreen@2x.png */,
				2AA892D82BB6DF7800FE1A29 /* statusGreen@3x.png */,
				2AA892D02BB6DF7800FE1A29 /* statusOrange.png */,
				2AA892D52BB6DF7800FE1A29 /* statusOrange@2x.png */,
				2AA892D22BB6DF7800FE1A29 /* statusOrange@3x.png */,
				2AA892D62BB6DF7800FE1A29 /* statusRed.png */,
				2AA892D32BB6DF7800FE1A29 /* statusRed@2x.png */,
				2AA892D72BB6DF7800FE1A29 /* statusRed@3x.png */,
				2A071EF02BB61A52000077C7 /* shell */,
				024491730E608A8F00D92725 /* sessions.sst */,
				02B214BE0E6073F8007014CB /* services.sst */,
				022082A70E268E69004F2B5A /* Localizable.strings */,
				2A73F36F2BB57166007FE4A8 /* MainMenu.xib */,
				089C165CFE840E0CC02AAC07 /* InfoPlist.strings */,
				02F375710E5F0D5B00F23038 /* SSHShell.command */,
				8D1107310486CEB800E47090 /* Info.plist */,
			);
			name = Resources;
			sourceTree = "<group>";
		};
		29B97323FDCFA39411CA2CEA /* Frameworks */ = {
			isa = PBXGroup;
			children = (
				0232C0CB0EED63E500D85580 /* SecurityFoundation.framework */,
				02CC7A420E5CD236007AE08D /* Security.framework */,
				02BAA5FB0DF591D70084F84B /* QuartzCore.framework */,
				1058C7A0FEA54F0111CA2CBB /* Linked Frameworks */,
				1058C7A2FEA54F0111CA2CBB /* Other Frameworks */,
			);
			name = Frameworks;
			sourceTree = "<group>";
		};
		2A071EF02BB61A52000077C7 /* shell */ = {
			isa = PBXGroup;
			children = (
				2A071EEC2BB61A52000077C7 /* GenerateKeyCommand.sh */,
				2A071EED2BB61A52000077C7 /* PutKeyCommand.sh */,
				2A071EEE2BB61A52000077C7 /* RemoveKeyCommand.sh */,
				2A071EEF2BB61A52000077C7 /* SSHCommand.sh */,
			);
			name = shell;
			path = Resources/shell;
			sourceTree = "<group>";
		};
		DDB56A1F1C188A6D002301B5 /* Helper */ = {
			isa = PBXGroup;
			children = (
				2A071EB22BB61823000077C7 /* AMResourcesHelper.h */,
				2A071EB32BB61823000077C7 /* AMResourcesHelper.m */,
			);
			name = Helper;
			sourceTree = "<group>";
		};
/* End PBXGroup section */

/* Begin PBXNativeTarget section */
		8D1107260486CEB800E47090 /* SSHTunnel */ = {
			isa = PBXNativeTarget;
			buildConfigurationList = C01FCF4A08A954540054247B /* Build configuration list for PBXNativeTarget "SSHTunnel" */;
			buildPhases = (
				8D1107290486CEB800E47090 /* Resources */,
				8D11072C0486CEB800E47090 /* Sources */,
				8D11072E0486CEB800E47090 /* Frameworks */,
				2A8D08372BB8451100FC5A05 /* Prepare Publishing */,
			);
			buildRules = (
			);
			dependencies = (
			);
			name = SSHTunnel;
			packageProductDependencies = (
				2A73F3412BB56961007FE4A8 /* Sparkle */,
			);
			productInstallPath = "$(HOME)/Applications";
			productName = SSHTunnel;
			productReference = 8D1107320486CEB800E47090 /* SSHTunnel.app */;
			productType = "com.apple.product-type.application";
		};
/* End PBXNativeTarget section */

/* Begin PBXProject section */
		29B97313FDCFA39411CA2CEA /* Project object */ = {
			isa = PBXProject;
			attributes = {
				BuildIndependentTargetsInParallel = YES;
				LastUpgradeCheck = 1530;
			};
			buildConfigurationList = C01FCF4E08A954540054247B /* Build configuration list for PBXProject "SSHTunnel" */;
			compatibilityVersion = "Xcode 3.2";
			developmentRegion = en;
			hasScannedForEncodings = 1;
			knownRegions = (
				en,
				Base,
				de,
			);
			mainGroup = 29B97314FDCFA39411CA2CEA /* SSHTunnel */;
			packageReferences = (
				2A73F3402BB56961007FE4A8 /* XCRemoteSwiftPackageReference "Sparkle" */,
			);
			projectDirPath = "";
			projectRoot = "";
			targets = (
				8D1107260486CEB800E47090 /* SSHTunnel */,
			);
		};
/* End PBXProject section */

/* Begin PBXResourcesBuildPhase section */
		8D1107290486CEB800E47090 /* Resources */ = {
			isa = PBXResourcesBuildPhase;
			buildActionMask = 2147483647;
			files = (
				2A071EF12BB61A52000077C7 /* GenerateKeyCommand.sh in Resources */,
				8D11072B0486CEB800E47090 /* InfoPlist.strings in Resources */,
				2A42E2A32BB5578000D40D7D /* Assets.xcassets in Resources */,
				2A73F3702BB57166007FE4A8 /* MainMenu.xib in Resources */,
				2AA892E12BB6DF7800FE1A29 /* statusGreen@3x.png in Resources */,
				2A071EF32BB61A52000077C7 /* RemoveKeyCommand.sh in Resources */,
				2AA892E02BB6DF7800FE1A29 /* statusRed@3x.png in Resources */,
				2AA892D92BB6DF7800FE1A29 /* statusOrange.png in Resources */,
				022082A90E268E69004F2B5A /* Localizable.strings in Resources */,
				2A8D08392BB8472D00FC5A05 /* sshtunnel.html in Resources */,
				02F375720E5F0D5B00F23038 /* SSHShell.command in Resources */,
				2AA892DE2BB6DF7800FE1A29 /* statusOrange@2x.png in Resources */,
				029C39A60E5F9B92009B7688 /* SSHTunnelWorkaround in Resources */,
				02B214C10E6073F8007014CB /* services.sst in Resources */,
				2A071EF22BB61A52000077C7 /* PutKeyCommand.sh in Resources */,
				2AA892DF2BB6DF7800FE1A29 /* statusRed.png in Resources */,
				024491740E608A8F00D92725 /* sessions.sst in Resources */,
				2AA892DC2BB6DF7800FE1A29 /* statusRed@2x.png in Resources */,
				2AA892DA2BB6DF7800FE1A29 /* statusGreen@2x.png in Resources */,
				2AA892DD2BB6DF7800FE1A29 /* statusGreen.png in Resources */,
				2A071EF42BB61A52000077C7 /* SSHCommand.sh in Resources */,
				2AA892DB2BB6DF7800FE1A29 /* statusOrange@3x.png in Resources */,
			);
			runOnlyForDeploymentPostprocessing = 0;
		};
/* End PBXResourcesBuildPhase section */

/* Begin PBXShellScriptBuildPhase section */
		2A8D08372BB8451100FC5A05 /* Prepare Publishing */ = {
			isa = PBXShellScriptBuildPhase;
			buildActionMask = 2147483647;
			files = (
			);
			inputFileListPaths = (
			);
			inputPaths = (
			);
			name = "Prepare Publishing";
			outputFileListPaths = (
			);
			outputPaths = (
			);
			runOnlyForDeploymentPostprocessing = 0;
			shellPath = /bin/sh;
			shellScript = "# Type a script or drag a script file from your workspace to insert its path.\n#\nSSHTUNNEL_USER=$(id -un)\n\nif [ -d /Volumes/Homeshare/Xcode/SSHTunnel/upload ]; then\n    cp /Users/$SSHTUNNEL_USER/Documents/Xcode/SSHTunnel/sshtunnel.html /Volumes/Homeshare/Xcode/SSHTunnel/upload/\n    codesign --force --deep --sign - \"${TARGET_BUILD_DIR}\"/\"${PRODUCT_NAME}.app\"\n    ditto -c -k --sequesterRsrc --keepParent \"${TARGET_BUILD_DIR}\"/\"${PRODUCT_NAME}.app\" /Volumes/Homeshare/Xcode/SSHTunnel/upload/sshtunnel.zip\nfi\n\nif [ -d /Users/$SSHTUNNEL_USER/Desktop/\"${PRODUCT_NAME}.app\" ]; then\n  rm -rf /Users/$SSHTUNNEL_USER/Desktop/\"${PRODUCT_NAME}.app\"\nfi\n\ncp -a \"${TARGET_BUILD_DIR}\"/\"${PRODUCT_NAME}.app\" /Users/$SSHTUNNEL_USER/Desktop/.\ncodesign --force --deep --sign - /Users/$SSHTUNNEL_USER/Desktop/\"${PRODUCT_NAME}.app\"\n";
		};
/* End PBXShellScriptBuildPhase section */

/* Begin PBXSourcesBuildPhase section */
		8D11072C0486CEB800E47090 /* Sources */ = {
			isa = PBXSourcesBuildPhase;
			buildActionMask = 2147483647;
			files = (
				2A071EC32BB618E0000077C7 /* AMWindow.m in Sources */,
				2A071EC02BB618D3000077C7 /* AMPopUpButton.m in Sources */,
				2A071EB42BB61823000077C7 /* AMResourcesHelper.m in Sources */,
				2A071EBD2BB618C8000077C7 /* AMButtonMenu.m in Sources */,
				2A071EC92BB618FD000077C7 /* AMServer.m in Sources */,
				2A071EDA2BB61952000077C7 /* AMSessionViewController.m in Sources */,
				2A071EE22BB61976000077C7 /* main.m in Sources */,
				2A071ED22BB6192F000077C7 /* AMBaseViewController.m in Sources */,
				2A071EBA2BB618B8000077C7 /* AMSwitchButton.m in Sources */,
				2A071EB72BB618A7000077C7 /* AMNetworkServicesChooser.m in Sources */,
				2A071ED52BB61940000077C7 /* AMServiceViewController.m in Sources */,
				2A071EC62BB618F1000077C7 /* AMSession.m in Sources */,
				2A071EE32BB61976000077C7 /* messages.m in Sources */,
				2A071ECC2BB6190C000077C7 /* AMService.m in Sources */,
				2A071ECF2BB61922000077C7 /* MyAppController.m in Sources */,
				2A071EDB2BB61952000077C7 /* AMTreeController.m in Sources */,
				2A071EDE2BB6195F000077C7 /* AMServerViewController.m in Sources */,
			);
			runOnlyForDeploymentPostprocessing = 0;
		};
/* End PBXSourcesBuildPhase section */

/* Begin PBXVariantGroup section */
		022082A70E268E69004F2B5A /* Localizable.strings */ = {
			isa = PBXVariantGroup;
			children = (
				2A42E2992BB5569D00D40D7D /* en */,
				2A73F36C2BB57154007FE4A8 /* de */,
			);
			name = Localizable.strings;
			sourceTree = "<group>";
		};
		089C165CFE840E0CC02AAC07 /* InfoPlist.strings */ = {
			isa = PBXVariantGroup;
			children = (
				2A42E2982BB5569D00D40D7D /* en */,
				2A73F36D2BB57154007FE4A8 /* de */,
			);
			name = InfoPlist.strings;
			sourceTree = "<group>";
		};
		2A73F36F2BB57166007FE4A8 /* MainMenu.xib */ = {
			isa = PBXVariantGroup;
			children = (
				2A73F36E2BB57166007FE4A8 /* Base */,
				2A73F3712BB57166007FE4A8 /* mul */,
			);
			name = MainMenu.xib;
			sourceTree = "<group>";
		};
/* End PBXVariantGroup section */

/* Begin XCBuildConfiguration section */
		0201B1200E5F3B9900148A1C /* Packaged */ = {
			isa = XCBuildConfiguration;
			buildSettings = {
				CLANG_ANALYZER_LOCALIZABILITY_NONLOCALIZED = YES;
				CLANG_WARN_BLOCK_CAPTURE_AUTORELEASING = YES;
				CLANG_WARN_BOOL_CONVERSION = YES;
				CLANG_WARN_COMMA = YES;
				CLANG_WARN_CONSTANT_CONVERSION = YES;
				CLANG_WARN_DEPRECATED_OBJC_IMPLEMENTATIONS = YES;
				CLANG_WARN_EMPTY_BODY = YES;
				CLANG_WARN_ENUM_CONVERSION = YES;
				CLANG_WARN_INFINITE_RECURSION = YES;
				CLANG_WARN_INT_CONVERSION = YES;
				CLANG_WARN_NON_LITERAL_NULL_CONVERSION = YES;
				CLANG_WARN_OBJC_IMPLICIT_RETAIN_SELF = YES;
				CLANG_WARN_OBJC_LITERAL_CONVERSION = YES;
				CLANG_WARN_QUOTED_INCLUDE_IN_FRAMEWORK_HEADER = YES;
				CLANG_WARN_RANGE_LOOP_ANALYSIS = YES;
				CLANG_WARN_STRICT_PROTOTYPES = YES;
				CLANG_WARN_SUSPICIOUS_MOVE = YES;
				CLANG_WARN_UNREACHABLE_CODE = YES;
				CLANG_WARN__DUPLICATE_METHOD_MATCH = YES;
				DEAD_CODE_STRIPPING = YES;
				ENABLE_STRICT_OBJC_MSGSEND = YES;
				GCC_C_LANGUAGE_STANDARD = c99;
				GCC_NO_COMMON_BLOCKS = YES;
				GCC_WARN_64_TO_32_BIT_CONVERSION = YES;
				GCC_WARN_ABOUT_RETURN_TYPE = YES;
				GCC_WARN_UNDECLARED_SELECTOR = YES;
				GCC_WARN_UNINITIALIZED_AUTOS = YES;
				GCC_WARN_UNUSED_FUNCTION = YES;
				GCC_WARN_UNUSED_VARIABLE = YES;
				SDKROOT = macosx;
			};
			name = Packaged;
		};
		0201B1210E5F3B9900148A1C /* Packaged */ = {
			isa = XCBuildConfiguration;
			buildSettings = {
				ALWAYS_SEARCH_USER_PATHS = NO;
				ASSETCATALOG_COMPILER_APPICON_NAME = AppIcon;
				ASSETCATALOG_COMPILER_INCLUDE_ALL_APPICON_ASSETS = NO;
				CLANG_ENABLE_OBJC_ARC = YES;
				"CODE_SIGN_IDENTITY[sdk=macosx*]" = "-";
				COMBINE_HIDPI_IMAGES = NO;
				DEAD_CODE_STRIPPING = YES;
				DEBUG_INFORMATION_FORMAT = "dwarf-with-dsym";
				FRAMEWORK_SEARCH_PATHS = (
					"$(inherited)",
					"\"$(SDKROOT)$(SYSTEM_LIBRARY_DIR)/PrivateFrameworks\"",
				);
				GCC_MODEL_TUNING = G5;
				GCC_PRECOMPILE_PREFIX_HEADER = YES;
				GCC_PREFIX_HEADER = SSHTunnel_Prefix.pch;
				INFOPLIST_FILE = Info.plist;
				INFOPLIST_KEY_CFBundleDisplayName = SSHTunnel;
				INFOPLIST_KEY_LSApplicationCategoryType = "public.app-category.utilities";
				INSTALL_PATH = "$(HOME)/Applications";
				LD_RUNPATH_SEARCH_PATHS = (
					"$(inherited)",
					"@loader_path/../Frameworks",
					"@executable_path/../Frameworks",
				);
				MACOSX_DEPLOYMENT_TARGET = 10.15;
				MARKETING_VERSION = 2.0;
				PRODUCT_BUNDLE_IDENTIFIER = de.slsoft.SSHTunnel;
				PRODUCT_NAME = SSHTunnel;
				SDKROOT = macosx;
			};
			name = Packaged;
		};
		029C39C10E5FA773009B7688 /* Featured */ = {
			isa = XCBuildConfiguration;
			buildSettings = {
				CLANG_ANALYZER_LOCALIZABILITY_NONLOCALIZED = YES;
				CLANG_WARN_BLOCK_CAPTURE_AUTORELEASING = YES;
				CLANG_WARN_BOOL_CONVERSION = YES;
				CLANG_WARN_COMMA = YES;
				CLANG_WARN_CONSTANT_CONVERSION = YES;
				CLANG_WARN_DEPRECATED_OBJC_IMPLEMENTATIONS = YES;
				CLANG_WARN_EMPTY_BODY = YES;
				CLANG_WARN_ENUM_CONVERSION = YES;
				CLANG_WARN_INFINITE_RECURSION = YES;
				CLANG_WARN_INT_CONVERSION = YES;
				CLANG_WARN_NON_LITERAL_NULL_CONVERSION = YES;
				CLANG_WARN_OBJC_IMPLICIT_RETAIN_SELF = YES;
				CLANG_WARN_OBJC_LITERAL_CONVERSION = YES;
				CLANG_WARN_QUOTED_INCLUDE_IN_FRAMEWORK_HEADER = YES;
				CLANG_WARN_RANGE_LOOP_ANALYSIS = YES;
				CLANG_WARN_STRICT_PROTOTYPES = YES;
				CLANG_WARN_SUSPICIOUS_MOVE = YES;
				CLANG_WARN_UNREACHABLE_CODE = YES;
				CLANG_WARN__DUPLICATE_METHOD_MATCH = YES;
				DEAD_CODE_STRIPPING = YES;
				ENABLE_STRICT_OBJC_MSGSEND = YES;
				GCC_C_LANGUAGE_STANDARD = c99;
				GCC_NO_COMMON_BLOCKS = YES;
				GCC_WARN_64_TO_32_BIT_CONVERSION = YES;
				GCC_WARN_ABOUT_RETURN_TYPE = YES;
				GCC_WARN_UNDECLARED_SELECTOR = YES;
				GCC_WARN_UNINITIALIZED_AUTOS = YES;
				GCC_WARN_UNUSED_FUNCTION = YES;
				GCC_WARN_UNUSED_VARIABLE = YES;
				SDKROOT = macosx;
			};
			name = Featured;
		};
		029C39C20E5FA773009B7688 /* Featured */ = {
			isa = XCBuildConfiguration;
			buildSettings = {
				ALWAYS_SEARCH_USER_PATHS = NO;
				ASSETCATALOG_COMPILER_APPICON_NAME = AppIcon;
				ASSETCATALOG_COMPILER_INCLUDE_ALL_APPICON_ASSETS = NO;
				CLANG_ENABLE_OBJC_ARC = YES;
				"CODE_SIGN_IDENTITY[sdk=macosx*]" = "-";
				COMBINE_HIDPI_IMAGES = NO;
				DEAD_CODE_STRIPPING = YES;
				DEBUG_INFORMATION_FORMAT = "dwarf-with-dsym";
				FRAMEWORK_SEARCH_PATHS = (
					"$(inherited)",
					"\"$(SDKROOT)$(SYSTEM_LIBRARY_DIR)/PrivateFrameworks\"",
				);
				GCC_MODEL_TUNING = G5;
				GCC_PRECOMPILE_PREFIX_HEADER = YES;
				GCC_PREFIX_HEADER = SSHTunnel_Prefix.pch;
				INFOPLIST_FILE = Info.plist;
				INFOPLIST_KEY_CFBundleDisplayName = SSHTunnel;
				INFOPLIST_KEY_LSApplicationCategoryType = "public.app-category.utilities";
				INSTALL_PATH = "$(HOME)/Applications";
				LD_RUNPATH_SEARCH_PATHS = (
					"$(inherited)",
					"@loader_path/../Frameworks",
					"@executable_path/../Frameworks",
				);
				MACOSX_DEPLOYMENT_TARGET = 10.15;
				MARKETING_VERSION = 2.0;
				PRODUCT_BUNDLE_IDENTIFIER = de.slsoft.SSHTunnel;
				PRODUCT_NAME = SSHTunnel;
				SDKROOT = macosx;
			};
			name = Featured;
		};
		C01FCF4B08A954540054247B /* Debug */ = {
			isa = XCBuildConfiguration;
			buildSettings = {
				ALWAYS_SEARCH_USER_PATHS = NO;
				ASSETCATALOG_COMPILER_APPICON_NAME = AppIcon;
				ASSETCATALOG_COMPILER_INCLUDE_ALL_APPICON_ASSETS = NO;
				CLANG_ENABLE_OBJC_ARC = YES;
				"CODE_SIGN_IDENTITY[sdk=macosx*]" = "-";
				COMBINE_HIDPI_IMAGES = NO;
				COPY_PHASE_STRIP = NO;
				DEAD_CODE_STRIPPING = YES;
				FRAMEWORK_SEARCH_PATHS = (
					"$(inherited)",
					"\"$(SDKROOT)$(SYSTEM_LIBRARY_DIR)/PrivateFrameworks\"",
				);
				GCC_DYNAMIC_NO_PIC = NO;
				GCC_MODEL_TUNING = G5;
				GCC_OPTIMIZATION_LEVEL = 0;
				GCC_PRECOMPILE_PREFIX_HEADER = YES;
				GCC_PREFIX_HEADER = SSHTunnel_Prefix.pch;
				INFOPLIST_FILE = Info.plist;
				INFOPLIST_KEY_CFBundleDisplayName = SSHTunnel;
				INFOPLIST_KEY_LSApplicationCategoryType = "public.app-category.utilities";
				INSTALL_PATH = "$(HOME)/Applications";
				LD_RUNPATH_SEARCH_PATHS = (
					"$(inherited)",
					"@loader_path/../Frameworks",
					"@executable_path/../Frameworks",
				);
				MACOSX_DEPLOYMENT_TARGET = 10.15;
				MARKETING_VERSION = 2.0;
				PRODUCT_BUNDLE_IDENTIFIER = de.slsoft.SSHTunnel;
				PRODUCT_NAME = SSHTunnel;
				SDKROOT = macosx;
			};
			name = Debug;
		};
		C01FCF4C08A954540054247B /* Release */ = {
			isa = XCBuildConfiguration;
			buildSettings = {
				ALWAYS_SEARCH_USER_PATHS = NO;
				ASSETCATALOG_COMPILER_APPICON_NAME = AppIcon;
				ASSETCATALOG_COMPILER_INCLUDE_ALL_APPICON_ASSETS = NO;
				CLANG_ENABLE_OBJC_ARC = YES;
				"CODE_SIGN_IDENTITY[sdk=macosx*]" = "-";
				COMBINE_HIDPI_IMAGES = NO;
				DEAD_CODE_STRIPPING = YES;
				DEBUG_INFORMATION_FORMAT = "dwarf-with-dsym";
				FRAMEWORK_SEARCH_PATHS = (
					"$(inherited)",
					"\"$(SDKROOT)$(SYSTEM_LIBRARY_DIR)/PrivateFrameworks\"",
				);
				GCC_MODEL_TUNING = G5;
				GCC_PRECOMPILE_PREFIX_HEADER = YES;
				GCC_PREFIX_HEADER = SSHTunnel_Prefix.pch;
				INFOPLIST_FILE = Info.plist;
				INFOPLIST_KEY_CFBundleDisplayName = SSHTunnel;
				INFOPLIST_KEY_LSApplicationCategoryType = "public.app-category.utilities";
				INSTALL_PATH = "$(HOME)/Applications";
				LD_RUNPATH_SEARCH_PATHS = (
					"$(inherited)",
					"@loader_path/../Frameworks",
					"@executable_path/../Frameworks",
				);
				MACOSX_DEPLOYMENT_TARGET = 10.15;
				MARKETING_VERSION = 2.0;
				PRODUCT_BUNDLE_IDENTIFIER = de.slsoft.SSHTunnel;
				PRODUCT_NAME = SSHTunnel;
				SDKROOT = macosx;
			};
			name = Release;
		};
		C01FCF4F08A954540054247B /* Debug */ = {
			isa = XCBuildConfiguration;
			buildSettings = {
				CLANG_ANALYZER_LOCALIZABILITY_NONLOCALIZED = YES;
				CLANG_WARN_BLOCK_CAPTURE_AUTORELEASING = YES;
				CLANG_WARN_BOOL_CONVERSION = YES;
				CLANG_WARN_COMMA = YES;
				CLANG_WARN_CONSTANT_CONVERSION = YES;
				CLANG_WARN_DEPRECATED_OBJC_IMPLEMENTATIONS = YES;
				CLANG_WARN_EMPTY_BODY = YES;
				CLANG_WARN_ENUM_CONVERSION = YES;
				CLANG_WARN_INFINITE_RECURSION = YES;
				CLANG_WARN_INT_CONVERSION = YES;
				CLANG_WARN_NON_LITERAL_NULL_CONVERSION = YES;
				CLANG_WARN_OBJC_IMPLICIT_RETAIN_SELF = YES;
				CLANG_WARN_OBJC_LITERAL_CONVERSION = YES;
				CLANG_WARN_QUOTED_INCLUDE_IN_FRAMEWORK_HEADER = YES;
				CLANG_WARN_RANGE_LOOP_ANALYSIS = YES;
				CLANG_WARN_STRICT_PROTOTYPES = YES;
				CLANG_WARN_SUSPICIOUS_MOVE = YES;
				CLANG_WARN_UNREACHABLE_CODE = YES;
				CLANG_WARN__DUPLICATE_METHOD_MATCH = YES;
				CURRENT_PROJECT_VERSION = "beta 1";
				DEAD_CODE_STRIPPING = YES;
				ENABLE_STRICT_OBJC_MSGSEND = YES;
				ENABLE_TESTABILITY = YES;
				GCC_C_LANGUAGE_STANDARD = c99;
				GCC_NO_COMMON_BLOCKS = YES;
				GCC_OPTIMIZATION_LEVEL = 0;
				GCC_WARN_64_TO_32_BIT_CONVERSION = YES;
				GCC_WARN_ABOUT_RETURN_TYPE = YES;
				GCC_WARN_UNDECLARED_SELECTOR = YES;
				GCC_WARN_UNINITIALIZED_AUTOS = YES;
				GCC_WARN_UNUSED_FUNCTION = YES;
				GCC_WARN_UNUSED_VARIABLE = YES;
				ONLY_ACTIVE_ARCH = YES;
				PRODUCT_NAME = SSHTunnel;
				SDKROOT = macosx;
			};
			name = Debug;
		};
		C01FCF5008A954540054247B /* Release */ = {
			isa = XCBuildConfiguration;
			buildSettings = {
				CLANG_ANALYZER_LOCALIZABILITY_NONLOCALIZED = YES;
				CLANG_WARN_BLOCK_CAPTURE_AUTORELEASING = YES;
				CLANG_WARN_BOOL_CONVERSION = YES;
				CLANG_WARN_COMMA = YES;
				CLANG_WARN_CONSTANT_CONVERSION = YES;
				CLANG_WARN_DEPRECATED_OBJC_IMPLEMENTATIONS = YES;
				CLANG_WARN_EMPTY_BODY = YES;
				CLANG_WARN_ENUM_CONVERSION = YES;
				CLANG_WARN_INFINITE_RECURSION = YES;
				CLANG_WARN_INT_CONVERSION = YES;
				CLANG_WARN_NON_LITERAL_NULL_CONVERSION = YES;
				CLANG_WARN_OBJC_IMPLICIT_RETAIN_SELF = YES;
				CLANG_WARN_OBJC_LITERAL_CONVERSION = YES;
				CLANG_WARN_QUOTED_INCLUDE_IN_FRAMEWORK_HEADER = YES;
				CLANG_WARN_RANGE_LOOP_ANALYSIS = YES;
				CLANG_WARN_STRICT_PROTOTYPES = YES;
				CLANG_WARN_SUSPICIOUS_MOVE = YES;
				CLANG_WARN_UNREACHABLE_CODE = YES;
				CLANG_WARN__DUPLICATE_METHOD_MATCH = YES;
				DEAD_CODE_STRIPPING = YES;
				ENABLE_STRICT_OBJC_MSGSEND = YES;
				GCC_C_LANGUAGE_STANDARD = c99;
				GCC_NO_COMMON_BLOCKS = YES;
				GCC_WARN_64_TO_32_BIT_CONVERSION = YES;
				GCC_WARN_ABOUT_RETURN_TYPE = YES;
				GCC_WARN_UNDECLARED_SELECTOR = YES;
				GCC_WARN_UNINITIALIZED_AUTOS = YES;
				GCC_WARN_UNUSED_FUNCTION = YES;
				GCC_WARN_UNUSED_VARIABLE = YES;
				SDKROOT = macosx;
			};
			name = Release;
		};
/* End XCBuildConfiguration section */

/* Begin XCConfigurationList section */
		C01FCF4A08A954540054247B /* Build configuration list for PBXNativeTarget "SSHTunnel" */ = {
			isa = XCConfigurationList;
			buildConfigurations = (
				C01FCF4B08A954540054247B /* Debug */,
				C01FCF4C08A954540054247B /* Release */,
				0201B1210E5F3B9900148A1C /* Packaged */,
				029C39C20E5FA773009B7688 /* Featured */,
			);
			defaultConfigurationIsVisible = 0;
			defaultConfigurationName = Release;
		};
		C01FCF4E08A954540054247B /* Build configuration list for PBXProject "SSHTunnel" */ = {
			isa = XCConfigurationList;
			buildConfigurations = (
				C01FCF4F08A954540054247B /* Debug */,
				C01FCF5008A954540054247B /* Release */,
				0201B1200E5F3B9900148A1C /* Packaged */,
				029C39C10E5FA773009B7688 /* Featured */,
			);
			defaultConfigurationIsVisible = 0;
			defaultConfigurationName = Release;
		};
/* End XCConfigurationList section */

/* Begin XCRemoteSwiftPackageReference section */
		2A73F3402BB56961007FE4A8 /* XCRemoteSwiftPackageReference "Sparkle" */ = {
			isa = XCRemoteSwiftPackageReference;
			repositoryURL = "https://github.com/sparkle-project/Sparkle";
			requirement = {
				kind = upToNextMajorVersion;
				minimumVersion = 2.6.0;
			};
		};
/* End XCRemoteSwiftPackageReference section */

/* Begin XCSwiftPackageProductDependency section */
		2A73F3412BB56961007FE4A8 /* Sparkle */ = {
			isa = XCSwiftPackageProductDependency;
			package = 2A73F3402BB56961007FE4A8 /* XCRemoteSwiftPackageReference "Sparkle" */;
			productName = Sparkle;
		};
/* End XCSwiftPackageProductDependency section */
	};
	rootObject = 29B97313FDCFA39411CA2CEA /* Project object */;
}
